
Microsoft Visual Studio Solution File, Format Version 12.00
# Visual Studio Version 16
VisualStudioVersion = 16.0.30114.105
MinimumVisualStudioVersion = 10.0.40219.1
Project("{2150E333-8FDC-42A3-9474-1A3956D46DE8}") = "Solution Items", "Solution Items", "{70AC0415-C164-498F-A7CB-D27200C23E5D}"
	ProjectSection(SolutionItems) = preProject
		..\README.md = ..\README.md
		NuGet.config = NuGet.config
		global.json = global.json
		Directory.Build.props = Directory.Build.props
		.env = .env
		..\.gitignore = ..\.gitignore
		..\CHANGELOG.md = ..\CHANGELOG.md
	EndProjectSection
EndProject
Project("{2150E333-8FDC-42A3-9474-1A3956D46DE8}") = "src", "src", "{6863197A-47C1-4DA5-805D-EB92647C7EE0}"
EndProject
Project("{FAE04EC0-301F-11D3-BF4B-00C04F79EFBC}") = "docker-compose", "docker-compose.dcproj", "{27265217-3480-4E7B-B812-D13F1FE4FC74}"
EndProject
Project("{FAE04EC0-301F-11D3-BF4B-00C04F79EFBC}") = "Streamteam.Core", "Streamteam.Core\Streamteam.Core.csproj", "{4212F0B7-368B-409D-AC81-F3013451E397}"
EndProject
Project("{FAE04EC0-301F-11D3-BF4B-00C04F79EFBC}") = "Streamteam.Identity", "Streamteam.Identity\Streamteam.Identity.csproj", "{03290062-9A2C-4165-ADAD-22B8D4F03C61}"
EndProject
Project("{FAE04EC0-301F-11D3-BF4B-00C04F79EFBC}") = "Streamteam.SharedWeb", "Streamteam.SharedWeb\Streamteam.SharedWeb.csproj", "{8D88F9A7-2622-40AE-88C1-2A7D4B8AAAB6}"
EndProject
Global
	GlobalSection(SolutionConfigurationPlatforms) = preSolution
		Debug|Any CPU = Debug|Any CPU
		Release|Any CPU = Release|Any CPU
	EndGlobalSection
	GlobalSection(SolutionProperties) = preSolution
		HideSolutionNode = FALSE
	EndGlobalSection
	GlobalSection(NestedProjects) = preSolution
		{4212F0B7-368B-409D-AC81-F3013451E397} = {6863197A-47C1-4DA5-805D-EB92647C7EE0}
		{03290062-9A2C-4165-ADAD-22B8D4F03C61} = {6863197A-47C1-4DA5-805D-EB92647C7EE0}
		{8D88F9A7-2622-40AE-88C1-2A7D4B8AAAB6} = {6863197A-47C1-4DA5-805D-EB92647C7EE0}
	EndGlobalSection
	GlobalSection(ProjectConfigurationPlatforms) = postSolution
		{27265217-3480-4E7B-B812-D13F1FE4FC74}.Debug|Any CPU.ActiveCfg = Debug|Any CPU
		{27265217-3480-4E7B-B812-D13F1FE4FC74}.Debug|Any CPU.Build.0 = Debug|Any CPU
		{27265217-3480-4E7B-B812-D13F1FE4FC74}.Release|Any CPU.ActiveCfg = Debug|Any CPU
		{27265217-3480-4E7B-B812-D13F1FE4FC74}.Release|Any CPU.Build.0 = Debug|Any CPU
		{4212F0B7-368B-409D-AC81-F3013451E397}.Debug|Any CPU.ActiveCfg = Debug|Any CPU
		{4212F0B7-368B-409D-AC81-F3013451E397}.Debug|Any CPU.Build.0 = Debug|Any CPU
		{4212F0B7-368B-409D-AC81-F3013451E397}.Release|Any CPU.ActiveCfg = Release|Any CPU
		{4212F0B7-368B-409D-AC81-F3013451E397}.Release|Any CPU.Build.0 = Release|Any CPU
		{03290062-9A2C-4165-ADAD-22B8D4F03C61}.Debug|Any CPU.ActiveCfg = Debug|Any CPU
		{03290062-9A2C-4165-ADAD-22B8D4F03C61}.Debug|Any CPU.Build.0 = Debug|Any CPU
		{03290062-9A2C-4165-ADAD-22B8D4F03C61}.Release|Any CPU.ActiveCfg = Release|Any CPU
		{03290062-9A2C-4165-ADAD-22B8D4F03C61}.Release|Any CPU.Build.0 = Release|Any CPU
		{8D88F9A7-2622-40AE-88C1-2A7D4B8AAAB6}.Debug|Any CPU.ActiveCfg = Debug|Any CPU
		{8D88F9A7-2622-40AE-88C1-2A7D4B8AAAB6}.Debug|Any CPU.Build.0 = Debug|Any CPU
		{8D88F9A7-2622-40AE-88C1-2A7D4B8AAAB6}.Release|Any CPU.ActiveCfg = Release|Any CPU
		{8D88F9A7-2622-40AE-88C1-2A7D4B8AAAB6}.Release|Any CPU.Build.0 = Release|Any CPU
	EndGlobalSection
EndGlobal
