
Microsoft Visual Studio Solution File, Format Version 12.00
# Visual Studio Version 16
VisualStudioVersion = 16.0.30114.105
MinimumVisualStudioVersion = 10.0.40219.1
Project("{2150E333-8FDC-42A3-9474-1A3956D46DE8}") = "Solution Items", "Solution Items", "{70AC0415-C164-498F-A7CB-D27200C23E5D}"
	ProjectSection(SolutionItems) = preProject
		..\README.md = ..\README.md
		NuGet.config = NuGet.config
		global.json = global.json
		Directory.Build.props = Directory.Build.props
		.env = .env
		..\.gitignore = ..\.gitignore
		..\CHANGELOG.md = ..\CHANGELOG.md
	EndProjectSection
EndProject
Project("{2150E333-8FDC-42A3-9474-1A3956D46DE8}") = "src", "src", "{6863197A-47C1-4DA5-805D-EB92647C7EE0}"
EndProject
Project("{2150E333-8FDC-42A3-9474-1A3956D46DE8}") = "BuildingBlocks", "BuildingBlocks", "{4AA29C6D-1B67-49DF-9EC6-BEAAC2EB9130}"
EndProject
Project("{2150E333-8FDC-42A3-9474-1A3956D46DE8}") = "ApiGateways", "ApiGateways", "{E83D933F-BE08-4076-805A-9E1EFBE9F907}"
EndProject
Project("{2150E333-8FDC-42A3-9474-1A3956D46DE8}") = "Services", "Services", "{884E3FDE-A697-44AE-A330-0756B02587B7}"
EndProject
Project("{2150E333-8FDC-42A3-9474-1A3956D46DE8}") = "Web Apps", "Web Apps", "{017B91F3-6F68-4FCE-A6DD-6F43DF406D3A}"
EndProject
Project("{FAE04EC0-301F-11D3-BF4B-00C04F79EFBC}") = "docker-compose", "docker-compose.dcproj", "{27265217-3480-4E7B-B812-D13F1FE4FC74}"
EndProject
Project("{2150E333-8FDC-42A3-9474-1A3956D46DE8}") = "Devspaces.Support", "Devspaces.Support", "{6455FB26-9197-44BE-84EE-308FE43A3ACF}"
EndProject
Project("{2150E333-8FDC-42A3-9474-1A3956D46DE8}") = "EventBus", "EventBus", "{F273DC07-4C9E-4946-8789-5F02AA0E1DE8}"
EndProject
Project("{2150E333-8FDC-42A3-9474-1A3956D46DE8}") = "WebHost", "WebHost", "{F3EE2924-C1D6-4D51-8F79-409E10901D61}"
EndProject
Project("{FAE04EC0-301F-11D3-BF4B-00C04F79EFBC}") = "Devspaces.Support", "BuildingBlocks\Devspaces.Support\Devspaces.Support.csproj", "{51A263C3-7B57-4DA0-A788-18CADC805840}"
EndProject
Project("{FAE04EC0-301F-11D3-BF4B-00C04F79EFBC}") = "WebHost.Customization", "BuildingBlocks\WebHost.Customization\WebHost.Customization.csproj", "{4F98F366-BA30-4A03-B27E-568B2FC0981D}"
EndProject
Project("{2150E333-8FDC-42A3-9474-1A3956D46DE8}") = "tests", "tests", "{88B74CC9-9439-432A-BF69-531C4F26CE2D}"
EndProject
Project("{FAE04EC0-301F-11D3-BF4B-00C04F79EFBC}") = "EventBus", "BuildingBlocks\EventBus\EventBus\EventBus.csproj", "{9865E7E9-74EC-46FB-BBA8-01BC408C3E6E}"
EndProject
Project("{FAE04EC0-301F-11D3-BF4B-00C04F79EFBC}") = "EventBusRabbitMq", "BuildingBlocks\EventBus\EventBusRabbitMQ\EventBusRabbitMQ.csproj", "{A8FA0507-64AC-4613-A5C5-8641C583B5DA}"
EndProject
Project("{FAE04EC0-301F-11D3-BF4B-00C04F79EFBC}") = "IntegrationEventLogEF", "BuildingBlocks\IntegrationEventLogEF\IntegrationEventLogEF.csproj", "{26113A94-4459-4A7D-934D-C880A083102C}"
EndProject
Project("{FAE04EC0-301F-11D3-BF4B-00C04F79EFBC}") = "EventBus.Tests", "BuildingBlocks\EventBus\EventBus.Tests\EventBus.Tests.csproj", "{44CF0A27-1F57-4D47-9D65-220383463F89}"
EndProject
Project("{2150E333-8FDC-42A3-9474-1A3956D46DE8}") = "Envoy", "Envoy", "{192A6A41-D4CC-4FC7-8894-5FA5D4BD527B}"
EndProject
Project("{2150E333-8FDC-42A3-9474-1A3956D46DE8}") = "config", "config", "{CC5C4B6A-B37E-4EAB-AE4F-B3495276FC1D}"
EndProject
Project("{2150E333-8FDC-42A3-9474-1A3956D46DE8}") = "streamteam-web", "streamteam-web", "{AF14BDCC-2F33-40EF-8F0D-0D10AD4796A3}"
	ProjectSection(SolutionItems) = preProject
		ApiGateways\Envoy\config\streamteam-web\envoy.yaml = ApiGateways\Envoy\config\streamteam-web\envoy.yaml
	EndProjectSection
EndProject
Project("{2150E333-8FDC-42A3-9474-1A3956D46DE8}") = "Web.Bff.Streamteam", "Web.Bff.Streamteam", "{B1017794-2B3C-41F0-B107-148F574D9E60}"
EndProject
Project("{FAE04EC0-301F-11D3-BF4B-00C04F79EFBC}") = "Web.Streamteam.HttpAggregator", "ApiGateways\Web.Bff.Streamteam\aggregator\Web.Streamteam.HttpAggregator.csproj", "{1C54501E-FA8D-4AE9-BBAD-696DE614F260}"
EndProject
Project("{2150E333-8FDC-42A3-9474-1A3956D46DE8}") = "Authenticate", "Authenticate", "{E3F858D5-667D-428C-B6EC-9B57F3029507}"
EndProject
Project("{2150E333-8FDC-42A3-9474-1A3956D46DE8}") = "Accounting", "Accounting", "{762181BB-569A-4FF2-83F6-AB29EF5DA948}"
EndProject
Project("{2150E333-8FDC-42A3-9474-1A3956D46DE8}") = "Corpchat", "Corpchat", "{A5C8B626-9E67-428E-93BB-8B1A9B1B1AB8}"
EndProject
Project("{2150E333-8FDC-42A3-9474-1A3956D46DE8}") = "Wiki", "Wiki", "{22C9F38D-0441-4810-A9F0-1EE55FB8B60D}"
EndProject
Project("{2150E333-8FDC-42A3-9474-1A3956D46DE8}") = "Tasktracker", "Tasktracker", "{4E2AB27F-73BE-4A26-BB36-8D6B4E6E686E}"
EndProject
Project("{2150E333-8FDC-42A3-9474-1A3956D46DE8}") = "Eventmeeting", "Eventmeeting", "{3522D324-3662-49D9-B2C4-6974CD082130}"
EndProject
Project("{2150E333-8FDC-42A3-9474-1A3956D46DE8}") = "Workspace", "Workspace", "{46A85A50-E1EA-40EE-A9F7-AF3D1B041491}"
EndProject
Project("{2150E333-8FDC-42A3-9474-1A3956D46DE8}") = "Conference", "Conference", "{209CE840-F346-4B06-B40B-607EE601D902}"
EndProject
Project("{2150E333-8FDC-42A3-9474-1A3956D46DE8}") = "Note", "Note", "{5F5458EC-088C-44A0-8B04-BD43B785A5D2}"
EndProject
Project("{2150E333-8FDC-42A3-9474-1A3956D46DE8}") = "Docdrive", "Docdrive", "{C3BB46BF-8A69-44A3-A485-79E385CBC8E8}"
EndProject
Project("{FAE04EC0-301F-11D3-BF4B-00C04F79EFBC}") = "Corpchat.Domain", "Services\Corpchat\Corpchat.Domain\Corpchat.Domain.csproj", "{A4E49C1A-D54B-471D-A408-6C7F97F5F099}"
EndProject
Global
	GlobalSection(SolutionConfigurationPlatforms) = preSolution
		Debug|Any CPU = Debug|Any CPU
		Release|Any CPU = Release|Any CPU
	EndGlobalSection
	GlobalSection(SolutionProperties) = preSolution
		HideSolutionNode = FALSE
	EndGlobalSection
	GlobalSection(NestedProjects) = preSolution
		{4AA29C6D-1B67-49DF-9EC6-BEAAC2EB9130} = {6863197A-47C1-4DA5-805D-EB92647C7EE0}
		{E83D933F-BE08-4076-805A-9E1EFBE9F907} = {6863197A-47C1-4DA5-805D-EB92647C7EE0}
		{884E3FDE-A697-44AE-A330-0756B02587B7} = {6863197A-47C1-4DA5-805D-EB92647C7EE0}
		{017B91F3-6F68-4FCE-A6DD-6F43DF406D3A} = {6863197A-47C1-4DA5-805D-EB92647C7EE0}
		{6455FB26-9197-44BE-84EE-308FE43A3ACF} = {4AA29C6D-1B67-49DF-9EC6-BEAAC2EB9130}
		{F273DC07-4C9E-4946-8789-5F02AA0E1DE8} = {4AA29C6D-1B67-49DF-9EC6-BEAAC2EB9130}
		{F3EE2924-C1D6-4D51-8F79-409E10901D61} = {4AA29C6D-1B67-49DF-9EC6-BEAAC2EB9130}
		{51A263C3-7B57-4DA0-A788-18CADC805840} = {6455FB26-9197-44BE-84EE-308FE43A3ACF}
		{4F98F366-BA30-4A03-B27E-568B2FC0981D} = {F3EE2924-C1D6-4D51-8F79-409E10901D61}
		{88B74CC9-9439-432A-BF69-531C4F26CE2D} = {F273DC07-4C9E-4946-8789-5F02AA0E1DE8}
		{9865E7E9-74EC-46FB-BBA8-01BC408C3E6E} = {F273DC07-4C9E-4946-8789-5F02AA0E1DE8}
		{A8FA0507-64AC-4613-A5C5-8641C583B5DA} = {F273DC07-4C9E-4946-8789-5F02AA0E1DE8}
		{26113A94-4459-4A7D-934D-C880A083102C} = {F273DC07-4C9E-4946-8789-5F02AA0E1DE8}
		{44CF0A27-1F57-4D47-9D65-220383463F89} = {88B74CC9-9439-432A-BF69-531C4F26CE2D}
		{192A6A41-D4CC-4FC7-8894-5FA5D4BD527B} = {E83D933F-BE08-4076-805A-9E1EFBE9F907}
		{CC5C4B6A-B37E-4EAB-AE4F-B3495276FC1D} = {192A6A41-D4CC-4FC7-8894-5FA5D4BD527B}
		{AF14BDCC-2F33-40EF-8F0D-0D10AD4796A3} = {CC5C4B6A-B37E-4EAB-AE4F-B3495276FC1D}
		{B1017794-2B3C-41F0-B107-148F574D9E60} = {E83D933F-BE08-4076-805A-9E1EFBE9F907}
		{1C54501E-FA8D-4AE9-BBAD-696DE614F260} = {B1017794-2B3C-41F0-B107-148F574D9E60}
		{E3F858D5-667D-428C-B6EC-9B57F3029507} = {884E3FDE-A697-44AE-A330-0756B02587B7}
		{762181BB-569A-4FF2-83F6-AB29EF5DA948} = {884E3FDE-A697-44AE-A330-0756B02587B7}
		{A5C8B626-9E67-428E-93BB-8B1A9B1B1AB8} = {884E3FDE-A697-44AE-A330-0756B02587B7}
		{22C9F38D-0441-4810-A9F0-1EE55FB8B60D} = {884E3FDE-A697-44AE-A330-0756B02587B7}
		{4E2AB27F-73BE-4A26-BB36-8D6B4E6E686E} = {884E3FDE-A697-44AE-A330-0756B02587B7}
		{3522D324-3662-49D9-B2C4-6974CD082130} = {884E3FDE-A697-44AE-A330-0756B02587B7}
		{46A85A50-E1EA-40EE-A9F7-AF3D1B041491} = {884E3FDE-A697-44AE-A330-0756B02587B7}
		{209CE840-F346-4B06-B40B-607EE601D902} = {884E3FDE-A697-44AE-A330-0756B02587B7}
		{5F5458EC-088C-44A0-8B04-BD43B785A5D2} = {884E3FDE-A697-44AE-A330-0756B02587B7}
		{C3BB46BF-8A69-44A3-A485-79E385CBC8E8} = {884E3FDE-A697-44AE-A330-0756B02587B7}
		{A4E49C1A-D54B-471D-A408-6C7F97F5F099} = {A5C8B626-9E67-428E-93BB-8B1A9B1B1AB8}
	EndGlobalSection
	GlobalSection(ProjectConfigurationPlatforms) = postSolution
		{27265217-3480-4E7B-B812-D13F1FE4FC74}.Debug|Any CPU.ActiveCfg = Debug|Any CPU
		{27265217-3480-4E7B-B812-D13F1FE4FC74}.Debug|Any CPU.Build.0 = Debug|Any CPU
		{27265217-3480-4E7B-B812-D13F1FE4FC74}.Release|Any CPU.ActiveCfg = Debug|Any CPU
		{27265217-3480-4E7B-B812-D13F1FE4FC74}.Release|Any CPU.Build.0 = Debug|Any CPU
		{51A263C3-7B57-4DA0-A788-18CADC805840}.Debug|Any CPU.ActiveCfg = Debug|Any CPU
		{51A263C3-7B57-4DA0-A788-18CADC805840}.Debug|Any CPU.Build.0 = Debug|Any CPU
		{51A263C3-7B57-4DA0-A788-18CADC805840}.Release|Any CPU.ActiveCfg = Release|Any CPU
		{51A263C3-7B57-4DA0-A788-18CADC805840}.Release|Any CPU.Build.0 = Release|Any CPU
		{4F98F366-BA30-4A03-B27E-568B2FC0981D}.Debug|Any CPU.ActiveCfg = Debug|Any CPU
		{4F98F366-BA30-4A03-B27E-568B2FC0981D}.Debug|Any CPU.Build.0 = Debug|Any CPU
		{4F98F366-BA30-4A03-B27E-568B2FC0981D}.Release|Any CPU.ActiveCfg = Release|Any CPU
		{4F98F366-BA30-4A03-B27E-568B2FC0981D}.Release|Any CPU.Build.0 = Release|Any CPU
		{9865E7E9-74EC-46FB-BBA8-01BC408C3E6E}.Debug|Any CPU.ActiveCfg = Debug|Any CPU
		{9865E7E9-74EC-46FB-BBA8-01BC408C3E6E}.Debug|Any CPU.Build.0 = Debug|Any CPU
		{9865E7E9-74EC-46FB-BBA8-01BC408C3E6E}.Release|Any CPU.ActiveCfg = Release|Any CPU
		{9865E7E9-74EC-46FB-BBA8-01BC408C3E6E}.Release|Any CPU.Build.0 = Release|Any CPU
		{A8FA0507-64AC-4613-A5C5-8641C583B5DA}.Debug|Any CPU.ActiveCfg = Debug|Any CPU
		{A8FA0507-64AC-4613-A5C5-8641C583B5DA}.Debug|Any CPU.Build.0 = Debug|Any CPU
		{A8FA0507-64AC-4613-A5C5-8641C583B5DA}.Release|Any CPU.ActiveCfg = Release|Any CPU
		{A8FA0507-64AC-4613-A5C5-8641C583B5DA}.Release|Any CPU.Build.0 = Release|Any CPU
		{26113A94-4459-4A7D-934D-C880A083102C}.Debug|Any CPU.ActiveCfg = Debug|Any CPU
		{26113A94-4459-4A7D-934D-C880A083102C}.Debug|Any CPU.Build.0 = Debug|Any CPU
		{26113A94-4459-4A7D-934D-C880A083102C}.Release|Any CPU.ActiveCfg = Release|Any CPU
		{26113A94-4459-4A7D-934D-C880A083102C}.Release|Any CPU.Build.0 = Release|Any CPU
		{44CF0A27-1F57-4D47-9D65-220383463F89}.Debug|Any CPU.ActiveCfg = Debug|Any CPU
		{44CF0A27-1F57-4D47-9D65-220383463F89}.Debug|Any CPU.Build.0 = Debug|Any CPU
		{44CF0A27-1F57-4D47-9D65-220383463F89}.Release|Any CPU.ActiveCfg = Release|Any CPU
		{44CF0A27-1F57-4D47-9D65-220383463F89}.Release|Any CPU.Build.0 = Release|Any CPU
		{1C54501E-FA8D-4AE9-BBAD-696DE614F260}.Debug|Any CPU.ActiveCfg = Debug|Any CPU
		{1C54501E-FA8D-4AE9-BBAD-696DE614F260}.Debug|Any CPU.Build.0 = Debug|Any CPU
		{1C54501E-FA8D-4AE9-BBAD-696DE614F260}.Release|Any CPU.ActiveCfg = Release|Any CPU
		{1C54501E-FA8D-4AE9-BBAD-696DE614F260}.Release|Any CPU.Build.0 = Release|Any CPU
		{A4E49C1A-D54B-471D-A408-6C7F97F5F099}.Debug|Any CPU.ActiveCfg = Debug|Any CPU
		{A4E49C1A-D54B-471D-A408-6C7F97F5F099}.Debug|Any CPU.Build.0 = Debug|Any CPU
		{A4E49C1A-D54B-471D-A408-6C7F97F5F099}.Release|Any CPU.ActiveCfg = Release|Any CPU
		{A4E49C1A-D54B-471D-A408-6C7F97F5F099}.Release|Any CPU.Build.0 = Release|Any CPU
	EndGlobalSection
EndGlobal
